{
  "name": "shelter-evaluation-dto",
  "version": "1.0.0",
  "lockfileVersion": 1,
  "requires": true,
  "dependencies": {
    "@automapper/classes": {
      "version": "6.3.1",
      "resolved": "https://registry.npmjs.org/@automapper/classes/-/classes-6.3.1.tgz",
      "integrity": "sha512-oCmSoz5Hfdf36cyPmGVDaYCwB7mWVu1vxpAq/+yuRd/sbprCWh1/aapj4NgNwOYW0smvHUR+5SwJ+TD1vEKufw=="
    },
    "@automapper/core": {
      "version": "6.3.1",
      "resolved": "https://registry.npmjs.org/@automapper/core/-/core-6.3.1.tgz",
      "integrity": "sha512-dkcQAWkcC18tC8pmMEJSAdRvHjOlmgokkau1fTL+0AUtmKsobGS4agCStvx0hZfl/ZhJv2+hEb60KUA7mzunaQ=="
    },
    "@automapper/types": {
      "version": "6.3.1",
      "resolved": "https://registry.npmjs.org/@automapper/types/-/types-6.3.1.tgz",
      "integrity": "sha512-f0Y/Q4dVfKH6SQyzS5bPk+hZ4pSxzVNAOPEHdEAUe3gAc6ou43DCBYERuOaVSZ3zbWJbVt1KgWVNLP1dj9OIeg==",
      "dev": true
    },
    "reflect-metadata": {
      "version": "0.1.13",
      "resolved": "https://registry.npmjs.org/reflect-metadata/-/reflect-metadata-0.1.13.tgz",
      "integrity": "sha512-Ts1Y/anZELhSsjMcU605fU9RE4Oi3p5ORujwbIKXfWa+0Zxs510Qrmrce5/Jowq3cHSZSJqBjypxmHarc+vEWg=="
    },
    "typescript": {
      "version": "4.4.4",
      "resolved": "https://registry.npmjs.org/typescript/-/typescript-4.4.4.tgz",
      "integrity": "sha512-DqGhF5IKoBl8WNf8C1gu8q0xZSInh9j1kJJMqT3a94w1JzVaBU4EXOSMrz9yDqMT0xt3selp83fuFMQ0uzv6qA==",
      "dev": true
    }
  }
}
