{
  "name": "shelter-evaluation-dto",
  "version": "1.0.0",
  "lockfileVersion": 1,
  "requires": true,
  "dependencies": {
    "@automapper/classes": {
      "version": "6.3.1",
      "resolved": "https://registry.npmjs.org/@automapper/classes/-/classes-6.3.1.tgz",
      "integrity": "sha512-oCmSoz5Hfdf36cyPmGVDaYCwB7mWVu1vxpAq/+yuRd/sbprCWh1/aapj4NgNwOYW0smvHUR+5SwJ+TD1vEKufw=="
    },
    "@automapper/core": {
      "version": "6.3.1",
      "resolved": "https://registry.npmjs.org/@automapper/core/-/core-6.3.1.tgz",
      "integrity": "sha512-dkcQAWkcC18tC8pmMEJSAdRvHjOlmgokkau1fTL+0AUtmKsobGS4agCStvx0hZfl/ZhJv2+hEb60KUA7mzunaQ=="
    },
    "@automapper/types": {
      "version": "6.3.1",
      "resolved": "https://registry.npmjs.org/@automapper/types/-/types-6.3.1.tgz",
      "integrity": "sha512-f0Y/Q4dVfKH6SQyzS5bPk+hZ4pSxzVNAOPEHdEAUe3gAc6ou43DCBYERuOaVSZ3zbWJbVt1KgWVNLP1dj9OIeg==",
      "dev": true
    },
    "@types/validator": {
      "version": "13.6.6",
      "resolved": "https://registry.npmjs.org/@types/validator/-/validator-13.6.6.tgz",
      "integrity": "sha512-+qogUELb4gMhrMjSh/seKmGVvN+uQLfyqJAqYRWqVHsvBsUO2xDBCL8CJ/ZSukbd8vXaoYbpIssAmfLEzzBHEw=="
    },
    "class-transformer": {
      "version": "0.4.0",
      "resolved": "https://registry.npmjs.org/class-transformer/-/class-transformer-0.4.0.tgz",
      "integrity": "sha512-ETWD/H2TbWbKEi7m9N4Km5+cw1hNcqJSxlSYhsLsNjQzWWiZIYA1zafxpK9PwVfaZ6AqR5rrjPVUBGESm5tQUA=="
    },
    "class-validator": {
      "version": "0.13.1",
      "resolved": "https://registry.npmjs.org/class-validator/-/class-validator-0.13.1.tgz",
      "integrity": "sha512-zWIeYFhUitvAHBwNhDdCRK09hWx+P0HUwFE8US8/CxFpMVzkUK8RJl7yOIE+BVu2lxyPNgeOaFv78tLE47jBIg==",
      "requires": {
        "@types/validator": "^13.1.3",
        "libphonenumber-js": "^1.9.7",
        "validator": "^13.5.2"
      }
    },
    "libphonenumber-js": {
      "version": "1.9.42",
      "resolved": "https://registry.npmjs.org/libphonenumber-js/-/libphonenumber-js-1.9.42.tgz",
      "integrity": "sha512-UBtU0ylpZPKPT8NLIyQJWj/DToMFxmo3Fm5m6qDc0LATvf0SY0qUhaurCEvukAB9Fo+Ia2Anjzqwoupaa64fXg=="
    },
    "reflect-metadata": {
      "version": "0.1.13",
      "resolved": "https://registry.npmjs.org/reflect-metadata/-/reflect-metadata-0.1.13.tgz",
      "integrity": "sha512-Ts1Y/anZELhSsjMcU605fU9RE4Oi3p5ORujwbIKXfWa+0Zxs510Qrmrce5/Jowq3cHSZSJqBjypxmHarc+vEWg=="
    },
    "tslib": {
      "version": "2.3.1",
      "resolved": "https://registry.npmjs.org/tslib/-/tslib-2.3.1.tgz",
      "integrity": "sha512-77EbyPPpMz+FRFRuAFlWMtmgUWGe9UOG2Z25NqCwiIjRhOf5iKGuzSe5P2w1laq+FkRy4p+PCuVkJSGkzTEKVw=="
    },
    "typescript": {
      "version": "4.4.4",
      "resolved": "https://registry.npmjs.org/typescript/-/typescript-4.4.4.tgz",
      "integrity": "sha512-DqGhF5IKoBl8WNf8C1gu8q0xZSInh9j1kJJMqT3a94w1JzVaBU4EXOSMrz9yDqMT0xt3selp83fuFMQ0uzv6qA==",
      "dev": true
    },
    "validator": {
      "version": "13.7.0",
      "resolved": "https://registry.npmjs.org/validator/-/validator-13.7.0.tgz",
      "integrity": "sha512-nYXQLCBkpJ8X6ltALua9dRrZDHVYxjJ1wgskNt1lH9fzGjs3tgojGSCBjmEPwkWS1y29+DrizMTW19Pr9uB2nw=="
    }
  }
}
